PODS:
  - Flutter (1.0.0)
  - FlutterPluginRegistrant (0.0.1):
    - Flutter
  - one_day_flutter (0.0.1):
    - Flutter

DEPENDENCIES:
  - Flutter (from `../one_day_flutter/.ios/Flutter/engine`)
  - FlutterPluginRegistrant (from `../one_day_flutter/.ios/Flutter/FlutterPluginRegistrant`)
  - one_day_flutter (from `../one_day_flutter/.ios/Flutter`)

EXTERNAL SOURCES:
  Flutter:
    :path: "../one_day_flutter/.ios/Flutter/engine"
  FlutterPluginRegistrant:
    :path: "../one_day_flutter/.ios/Flutter/FlutterPluginRegistrant"
  one_day_flutter:
    :path: "../one_day_flutter/.ios/Flutter"

SPEC CHECKSUMS:
  Flutter: bdfa2e8fe0e2880a2c6a58a0b1a8675c262a07af
  FlutterPluginRegistrant: d3a0fbc12bc47787a12fcc919193f3959aa7d5ad
  one_day_flutter: 1ce11e8babaaea2a403fd0133ec82a298296b212

PODFILE CHECKSUM: e2092c14c2f7f9dee9453643b0739e52e8b566aa

COCOAPODS: 1.11.2
